// !$*UTF8*$!
{
	archiveVersion = 1;
	classes = {
	};
	objectVersion = 46;
	objects = {

/* Begin PBXBuildFile section */
		FC0D20441675552C008AEACF /* AVFoundation.framework in Frameworks */ = {isa = PBXBuildFile; fileRef = FC0D20431675552C008AEACF /* AVFoundation.framework */; };
		FC1187B7167D70C900E1E0E3 /* RecordViewController.m in Sources */ = {isa = PBXBuildFile; fileRef = FC1187B6167D70C900E1E0E3 /* RecordViewController.m */; };
		FC1187BB167D714700E1E0E3 /* NewTrackView.xib in Resources */ = {isa = PBXBuildFile; fileRef = FC1187BA167D714700E1E0E3 /* NewTrackView.xib */; };
		FC1187BE167D736700E1E0E3 /* NewTrackView.m in Sources */ = {isa = PBXBuildFile; fileRef = FC1187BD167D736700E1E0E3 /* NewTrackView.m */; };
		FCA2F19F166C0502007DA190 /* UIKit.framework in Frameworks */ = {isa = PBXBuildFile; fileRef = FCA2F19E166C0502007DA190 /* UIKit.framework */; };
		FCA2F1A1166C0502007DA190 /* Foundation.framework in Frameworks */ = {isa = PBXBuildFile; fileRef = FCA2F1A0166C0502007DA190 /* Foundation.framework */; };
		FCA2F1A3166C0502007DA190 /* CoreGraphics.framework in Frameworks */ = {isa = PBXBuildFile; fileRef = FCA2F1A2166C0502007DA190 /* CoreGraphics.framework */; };
		FCA2F1A9166C0502007DA190 /* InfoPlist.strings in Resources */ = {isa = PBXBuildFile; fileRef = FCA2F1A7166C0502007DA190 /* InfoPlist.strings */; };
		FCA2F1AB166C0502007DA190 /* main.m in Sources */ = {isa = PBXBuildFile; fileRef = FCA2F1AA166C0502007DA190 /* main.m */; };
		FCA2F1AF166C0502007DA190 /* AppDelegate.m in Sources */ = {isa = PBXBuildFile; fileRef = FCA2F1AE166C0502007DA190 /* AppDelegate.m */; };
		FCA2F1B1166C0502007DA190 /* Default.png in Resources */ = {isa = PBXBuildFile; fileRef = FCA2F1B0166C0502007DA190 /* Default.png */; };
		FCA2F1B3166C0502007DA190 /* Default@2x.png in Resources */ = {isa = PBXBuildFile; fileRef = FCA2F1B2166C0502007DA190 /* Default@2x.png */; };
		FCA2F1B5166C0502007DA190 /* Default-568h@2x.png in Resources */ = {isa = PBXBuildFile; fileRef = FCA2F1B4166C0502007DA190 /* Default-568h@2x.png */; };
		FCA2F1B8166C0502007DA190 /* MainStoryboard_iPhone.storyboard in Resources */ = {isa = PBXBuildFile; fileRef = FCA2F1B6166C0502007DA190 /* MainStoryboard_iPhone.storyboard */; };
		FCA2F1BB166C0502007DA190 /* MainStoryboard_iPad.storyboard in Resources */ = {isa = PBXBuildFile; fileRef = FCA2F1B9166C0502007DA190 /* MainStoryboard_iPad.storyboard */; };
		FCA2F1BE166C0502007DA190 /* ViewController.m in Sources */ = {isa = PBXBuildFile; fileRef = FCA2F1BD166C0502007DA190 /* ViewController.m */; };
		FCA2F1C6166C0502007DA190 /* SenTestingKit.framework in Frameworks */ = {isa = PBXBuildFile; fileRef = FCA2F1C5166C0502007DA190 /* SenTestingKit.framework */; };
		FCA2F1C7166C0502007DA190 /* UIKit.framework in Frameworks */ = {isa = PBXBuildFile; fileRef = FCA2F19E166C0502007DA190 /* UIKit.framework */; };
		FCA2F1C8166C0502007DA190 /* Foundation.framework in Frameworks */ = {isa = PBXBuildFile; fileRef = FCA2F1A0166C0502007DA190 /* Foundation.framework */; };
		FCA2F1D0166C0502007DA190 /* InfoPlist.strings in Resources */ = {isa = PBXBuildFile; fileRef = FCA2F1CE166C0502007DA190 /* InfoPlist.strings */; };
		FCA2F1D3166C0502007DA190 /* JamSeshTests.m in Sources */ = {isa = PBXBuildFile; fileRef = FCA2F1D2166C0502007DA190 /* JamSeshTests.m */; };
/* End PBXBuildFile section */

/* Begin PBXContainerItemProxy section */
		FCA2F1C9166C0502007DA190 /* PBXContainerItemProxy */ = {
			isa = PBXContainerItemProxy;
			containerPortal = FCA2F191166C0502007DA190 /* Project object */;
			proxyType = 1;
			remoteGlobalIDString = FCA2F199166C0502007DA190;
			remoteInfo = JamSesh;
		};
/* End PBXContainerItemProxy section */

/* Begin PBXFileReference section */
		FC0D20431675552C008AEACF /* AVFoundation.framework */ = {isa = PBXFileReference; lastKnownFileType = wrapper.framework; name = AVFoundation.framework; path = System/Library/Frameworks/AVFoundation.framework; sourceTree = SDKROOT; };
		FC1187B5167D70C900E1E0E3 /* RecordViewController.h */ = {isa = PBXFileReference; fileEncoding = 4; lastKnownFileType = sourcecode.c.h; path = RecordViewController.h; sourceTree = "<group>"; };
		FC1187B6167D70C900E1E0E3 /* RecordViewController.m */ = {isa = PBXFileReference; fileEncoding = 4; lastKnownFileType = sourcecode.c.objc; path = RecordViewController.m; sourceTree = "<group>"; };
		FC1187BA167D714700E1E0E3 /* NewTrackView.xib */ = {isa = PBXFileReference; fileEncoding = 4; lastKnownFileType = file.xib; path = NewTrackView.xib; sourceTree = "<group>"; };
		FC1187BC167D736700E1E0E3 /* NewTrackView.h */ = {isa = PBXFileReference; fileEncoding = 4; lastKnownFileType = sourcecode.c.h; path = NewTrackView.h; sourceTree = "<group>"; };
		FC1187BD167D736700E1E0E3 /* NewTrackView.m */ = {isa = PBXFileReference; fileEncoding = 4; lastKnownFileType = sourcecode.c.objc; path = NewTrackView.m; sourceTree = "<group>"; };
		FCA2F19A166C0502007DA190 /* JamSesh.app */ = {isa = PBXFileReference; explicitFileType = wrapper.application; includeInIndex = 0; path = JamSesh.app; sourceTree = BUILT_PRODUCTS_DIR; };
		FCA2F19E166C0502007DA190 /* UIKit.framework */ = {isa = PBXFileReference; lastKnownFileType = wrapper.framework; name = UIKit.framework; path = System/Library/Frameworks/UIKit.framework; sourceTree = SDKROOT; };
		FCA2F1A0166C0502007DA190 /* Foundation.framework */ = {isa = PBXFileReference; lastKnownFileType = wrapper.framework; name = Foundation.framework; path = System/Library/Frameworks/Foundation.framework; sourceTree = SDKROOT; };
		FCA2F1A2166C0502007DA190 /* CoreGraphics.framework */ = {isa = PBXFileReference; lastKnownFileType = wrapper.framework; name = CoreGraphics.framework; path = System/Library/Frameworks/CoreGraphics.framework; sourceTree = SDKROOT; };
		FCA2F1A6166C0502007DA190 /* JamSesh-Info.plist */ = {isa = PBXFileReference; lastKnownFileType = text.plist.xml; path = "JamSesh-Info.plist"; sourceTree = "<group>"; };
		FCA2F1A8166C0502007DA190 /* en */ = {isa = PBXFileReference; lastKnownFileType = text.plist.strings; name = en; path = en.lproj/InfoPlist.strings; sourceTree = "<group>"; };
		FCA2F1AA166C0502007DA190 /* main.m */ = {isa = PBXFileReference; lastKnownFileType = sourcecode.c.objc; path = main.m; sourceTree = "<group>"; };
		FCA2F1AC166C0502007DA190 /* JamSesh-Prefix.pch */ = {isa = PBXFileReference; lastKnownFileType = sourcecode.c.h; path = "JamSesh-Prefix.pch"; sourceTree = "<group>"; };
		FCA2F1AD166C0502007DA190 /* AppDelegate.h */ = {isa = PBXFileReference; lastKnownFileType = sourcecode.c.h; path = AppDelegate.h; sourceTree = "<group>"; };
		FCA2F1AE166C0502007DA190 /* AppDelegate.m */ = {isa = PBXFileReference; lastKnownFileType = sourcecode.c.objc; path = AppDelegate.m; sourceTree = "<group>"; };
		FCA2F1B0166C0502007DA190 /* Default.png */ = {isa = PBXFileReference; lastKnownFileType = image.png; path = Default.png; sourceTree = "<group>"; };
		FCA2F1B2166C0502007DA190 /* Default@2x.png */ = {isa = PBXFileReference; lastKnownFileType = image.png; path = "Default@2x.png"; sourceTree = "<group>"; };
		FCA2F1B4166C0502007DA190 /* Default-568h@2x.png */ = {isa = PBXFileReference; lastKnownFileType = image.png; path = "Default-568h@2x.png"; sourceTree = "<group>"; };
		FCA2F1B7166C0502007DA190 /* en */ = {isa = PBXFileReference; lastKnownFileType = file.storyboard; name = en; path = en.lproj/MainStoryboard_iPhone.storyboard; sourceTree = "<group>"; };
		FCA2F1BA166C0502007DA190 /* en */ = {isa = PBXFileReference; lastKnownFileType = file.storyboard; name = en; path = en.lproj/MainStoryboard_iPad.storyboard; sourceTree = "<group>"; };
		FCA2F1BC166C0502007DA190 /* ViewController.h */ = {isa = PBXFileReference; lastKnownFileType = sourcecode.c.h; path = ViewController.h; sourceTree = "<group>"; };
		FCA2F1BD166C0502007DA190 /* ViewController.m */ = {isa = PBXFileReference; lastKnownFileType = sourcecode.c.objc; path = ViewController.m; sourceTree = "<group>"; };
		FCA2F1C4166C0502007DA190 /* JamSeshTests.octest */ = {isa = PBXFileReference; explicitFileType = wrapper.cfbundle; includeInIndex = 0; path = JamSeshTests.octest; sourceTree = BUILT_PRODUCTS_DIR; };
		FCA2F1C5166C0502007DA190 /* SenTestingKit.framework */ = {isa = PBXFileReference; lastKnownFileType = wrapper.framework; name = SenTestingKit.framework; path = Library/Frameworks/SenTestingKit.framework; sourceTree = DEVELOPER_DIR; };
		FCA2F1CD166C0502007DA190 /* JamSeshTests-Info.plist */ = {isa = PBXFileReference; lastKnownFileType = text.plist.xml; path = "JamSeshTests-Info.plist"; sourceTree = "<group>"; };
		FCA2F1CF166C0502007DA190 /* en */ = {isa = PBXFileReference; lastKnownFileType = text.plist.strings; name = en; path = en.lproj/InfoPlist.strings; sourceTree = "<group>"; };
		FCA2F1D1166C0502007DA190 /* JamSeshTests.h */ = {isa = PBXFileReference; lastKnownFileType = sourcecode.c.h; path = JamSeshTests.h; sourceTree = "<group>"; };
		FCA2F1D2166C0502007DA190 /* JamSeshTests.m */ = {isa = PBXFileReference; lastKnownFileType = sourcecode.c.objc; path = JamSeshTests.m; sourceTree = "<group>"; };
/* End PBXFileReference section */

/* Begin PBXFrameworksBuildPhase section */
		FCA2F197166C0502007DA190 /* Frameworks */ = {
			isa = PBXFrameworksBuildPhase;
			buildActionMask = 2147483647;
			files = (
				FC0D20441675552C008AEACF /* AVFoundation.framework in Frameworks */,
				FCA2F19F166C0502007DA190 /* UIKit.framework in Frameworks */,
				FCA2F1A1166C0502007DA190 /* Foundation.framework in Frameworks */,
				FCA2F1A3166C0502007DA190 /* CoreGraphics.framework in Frameworks */,
			);
			runOnlyForDeploymentPostprocessing = 0;
		};
		FCA2F1C0166C0502007DA190 /* Frameworks */ = {
			isa = PBXFrameworksBuildPhase;
			buildActionMask = 2147483647;
			files = (
				FCA2F1C6166C0502007DA190 /* SenTestingKit.framework in Frameworks */,
				FCA2F1C7166C0502007DA190 /* UIKit.framework in Frameworks */,
				FCA2F1C8166C0502007DA190 /* Foundation.framework in Frameworks */,
			);
			runOnlyForDeploymentPostprocessing = 0;
		};
/* End PBXFrameworksBuildPhase section */

/* Begin PBXGroup section */
		FC1187B9167D711B00E1E0E3 /* UI */ = {
			isa = PBXGroup;
			children = (
				FCA2F1B6166C0502007DA190 /* MainStoryboard_iPhone.storyboard */,
				FCA2F1B9166C0502007DA190 /* MainStoryboard_iPad.storyboard */,
				FC1187BA167D714700E1E0E3 /* NewTrackView.xib */,
			);
			name = UI;
			sourceTree = "<group>";
		};
		FCA2F18F166C0502007DA190 = {
			isa = PBXGroup;
			children = (
				FC0D20431675552C008AEACF /* AVFoundation.framework */,
				FCA2F1A4166C0502007DA190 /* JamSesh */,
				FCA2F1CB166C0502007DA190 /* JamSeshTests */,
				FCA2F19D166C0502007DA190 /* Frameworks */,
				FCA2F19B166C0502007DA190 /* Products */,
			);
			sourceTree = "<group>";
		};
		FCA2F19B166C0502007DA190 /* Products */ = {
			isa = PBXGroup;
			children = (
				FCA2F19A166C0502007DA190 /* JamSesh.app */,
				FCA2F1C4166C0502007DA190 /* JamSeshTests.octest */,
			);
			name = Products;
			sourceTree = "<group>";
		};
		FCA2F19D166C0502007DA190 /* Frameworks */ = {
			isa = PBXGroup;
			children = (
				FCA2F19E166C0502007DA190 /* UIKit.framework */,
				FCA2F1A0166C0502007DA190 /* Foundation.framework */,
				FCA2F1A2166C0502007DA190 /* CoreGraphics.framework */,
				FCA2F1C5166C0502007DA190 /* SenTestingKit.framework */,
			);
			name = Frameworks;
			sourceTree = "<group>";
		};
		FCA2F1A4166C0502007DA190 /* JamSesh */ = {
			isa = PBXGroup;
			children = (
				FC1187B9167D711B00E1E0E3 /* UI */,
				FCA2F1AD166C0502007DA190 /* AppDelegate.h */,
				FCA2F1AE166C0502007DA190 /* AppDelegate.m */,
				FCA2F1BC166C0502007DA190 /* ViewController.h */,
				FCA2F1BD166C0502007DA190 /* ViewController.m */,
				FCA2F1A5166C0502007DA190 /* Supporting Files */,
				FC1187B5167D70C900E1E0E3 /* RecordViewController.h */,
				FC1187B6167D70C900E1E0E3 /* RecordViewController.m */,
				FC1187BC167D736700E1E0E3 /* NewTrackView.h */,
				FC1187BD167D736700E1E0E3 /* NewTrackView.m */,
			);
			path = JamSesh;
			sourceTree = "<group>";
		};
		FCA2F1A5166C0502007DA190 /* Supporting Files */ = {
			isa = PBXGroup;
			children = (
				FCA2F1A6166C0502007DA190 /* JamSesh-Info.plist */,
				FCA2F1A7166C0502007DA190 /* InfoPlist.strings */,
				FCA2F1AA166C0502007DA190 /* main.m */,
				FCA2F1AC166C0502007DA190 /* JamSesh-Prefix.pch */,
				FCA2F1B0166C0502007DA190 /* Default.png */,
				FCA2F1B2166C0502007DA190 /* Default@2x.png */,
				FCA2F1B4166C0502007DA190 /* Default-568h@2x.png */,
			);
			name = "Supporting Files";
			sourceTree = "<group>";
		};
		FCA2F1CB166C0502007DA190 /* JamSeshTests */ = {
			isa = PBXGroup;
			children = (
				FCA2F1D1166C0502007DA190 /* JamSeshTests.h */,
				FCA2F1D2166C0502007DA190 /* JamSeshTests.m */,
				FCA2F1CC166C0502007DA190 /* Supporting Files */,
			);
			path = JamSeshTests;
			sourceTree = "<group>";
		};
		FCA2F1CC166C0502007DA190 /* Supporting Files */ = {
			isa = PBXGroup;
			children = (
				FCA2F1CD166C0502007DA190 /* JamSeshTests-Info.plist */,
				FCA2F1CE166C0502007DA190 /* InfoPlist.strings */,
			);
			name = "Supporting Files";
			sourceTree = "<group>";
		};
/* End PBXGroup section */

/* Begin PBXNativeTarget section */
		FCA2F199166C0502007DA190 /* JamSesh */ = {
			isa = PBXNativeTarget;
			buildConfigurationList = FCA2F1D6166C0502007DA190 /* Build configuration list for PBXNativeTarget "JamSesh" */;
			buildPhases = (
				FCA2F196166C0502007DA190 /* Sources */,
				FCA2F197166C0502007DA190 /* Frameworks */,
				FCA2F198166C0502007DA190 /* Resources */,
			);
			buildRules = (
			);
			dependencies = (
			);
			name = JamSesh;
			productName = JamSesh;
			productReference = FCA2F19A166C0502007DA190 /* JamSesh.app */;
			productType = "com.apple.product-type.application";
		};
		FCA2F1C3166C0502007DA190 /* JamSeshTests */ = {
			isa = PBXNativeTarget;
			buildConfigurationList = FCA2F1D9166C0502007DA190 /* Build configuration list for PBXNativeTarget "JamSeshTests" */;
			buildPhases = (
				FCA2F1BF166C0502007DA190 /* Sources */,
				FCA2F1C0166C0502007DA190 /* Frameworks */,
				FCA2F1C1166C0502007DA190 /* Resources */,
				FCA2F1C2166C0502007DA190 /* ShellScript */,
			);
			buildRules = (
			);
			dependencies = (
				FCA2F1CA166C0502007DA190 /* PBXTargetDependency */,
			);
			name = JamSeshTests;
			productName = JamSeshTests;
			productReference = FCA2F1C4166C0502007DA190 /* JamSeshTests.octest */;
			productType = "com.apple.product-type.bundle";
		};
/* End PBXNativeTarget section */

/* Begin PBXProject section */
		FCA2F191166C0502007DA190 /* Project object */ = {
			isa = PBXProject;
			attributes = {
				LastUpgradeCheck = 0450;
				ORGANIZATIONNAME = OneHeadedLlama;
			};
			buildConfigurationList = FCA2F194166C0502007DA190 /* Build configuration list for PBXProject "JamSesh" */;
			compatibilityVersion = "Xcode 3.2";
			developmentRegion = English;
			hasScannedForEncodings = 0;
			knownRegions = (
				en,
			);
			mainGroup = FCA2F18F166C0502007DA190;
			productRefGroup = FCA2F19B166C0502007DA190 /* Products */;
			projectDirPath = "";
			projectRoot = "";
			targets = (
				FCA2F199166C0502007DA190 /* JamSesh */,
				FCA2F1C3166C0502007DA190 /* JamSeshTests */,
			);
		};
/* End PBXProject section */

/* Begin PBXResourcesBuildPhase section */
		FCA2F198166C0502007DA190 /* Resources */ = {
			isa = PBXResourcesBuildPhase;
			buildActionMask = 2147483647;
			files = (
				FCA2F1A9166C0502007DA190 /* InfoPlist.strings in Resources */,
				FCA2F1B1166C0502007DA190 /* Default.png in Resources */,
				FCA2F1B3166C0502007DA190 /* Default@2x.png in Resources */,
				FCA2F1B5166C0502007DA190 /* Default-568h@2x.png in Resources */,
				FCA2F1B8166C0502007DA190 /* MainStoryboard_iPhone.storyboard in Resources */,
				FCA2F1BB166C0502007DA190 /* MainStoryboard_iPad.storyboard in Resources */,
				FC1187BB167D714700E1E0E3 /* NewTrackView.xib in Resources */,
			);
			runOnlyForDeploymentPostprocessing = 0;
		};
		FCA2F1C1166C0502007DA190 /* Resources */ = {
			isa = PBXResourcesBuildPhase;
			buildActionMask = 2147483647;
			files = (
				FCA2F1D0166C0502007DA190 /* InfoPlist.strings in Resources */,
			);
			runOnlyForDeploymentPostprocessing = 0;
		};
/* End PBXResourcesBuildPhase section */

/* Begin PBXShellScriptBuildPhase section */
		FCA2F1C2166C0502007DA190 /* ShellScript */ = {
			isa = PBXShellScriptBuildPhase;
			buildActionMask = 2147483647;
			files = (
			);
			inputPaths = (
			);
			outputPaths = (
			);
			runOnlyForDeploymentPostprocessing = 0;
			shellPath = /bin/sh;
			shellScript = "# Run the unit tests in this test bundle.\n\"${SYSTEM_DEVELOPER_DIR}/Tools/RunUnitTests\"\n";
		};
/* End PBXShellScriptBuildPhase section */

/* Begin PBXSourcesBuildPhase section */
		FCA2F196166C0502007DA190 /* Sources */ = {
			isa = PBXSourcesBuildPhase;
			buildActionMask = 2147483647;
			files = (
				FCA2F1AB166C0502007DA190 /* main.m in Sources */,
				FCA2F1AF166C0502007DA190 /* AppDelegate.m in Sources */,
				FCA2F1BE166C0502007DA190 /* ViewController.m in Sources */,
				FC1187B7167D70C900E1E0E3 /* RecordViewController.m in Sources */,
				FC1187BE167D736700E1E0E3 /* NewTrackView.m in Sources */,
			);
			runOnlyForDeploymentPostprocessing = 0;
		};
		FCA2F1BF166C0502007DA190 /* Sources */ = {
			isa = PBXSourcesBuildPhase;
			buildActionMask = 2147483647;
			files = (
				FCA2F1D3166C0502007DA190 /* JamSeshTests.m in Sources */,
			);
			runOnlyForDeploymentPostprocessing = 0;
		};
/* End PBXSourcesBuildPhase section */

/* Begin PBXTargetDependency section */
		FCA2F1CA166C0502007DA190 /* PBXTargetDependency */ = {
			isa = PBXTargetDependency;
			target = FCA2F199166C0502007DA190 /* JamSesh */;
			targetProxy = FCA2F1C9166C0502007DA190 /* PBXContainerItemProxy */;
		};
/* End PBXTargetDependency section */

/* Begin PBXVariantGroup section */
		FCA2F1A7166C0502007DA190 /* InfoPlist.strings */ = {
			isa = PBXVariantGroup;
			children = (
				FCA2F1A8166C0502007DA190 /* en */,
			);
			name = InfoPlist.strings;
			sourceTree = "<group>";
		};
		FCA2F1B6166C0502007DA190 /* MainStoryboard_iPhone.storyboard */ = {
			isa = PBXVariantGroup;
			children = (
				FCA2F1B7166C0502007DA190 /* en */,
			);
			name = MainStoryboard_iPhone.storyboard;
			sourceTree = "<group>";
		};
		FCA2F1B9166C0502007DA190 /* MainStoryboard_iPad.storyboard */ = {
			isa = PBXVariantGroup;
			children = (
				FCA2F1BA166C0502007DA190 /* en */,
			);
			name = MainStoryboard_iPad.storyboard;
			sourceTree = "<group>";
		};
		FCA2F1CE166C0502007DA190 /* InfoPlist.strings */ = {
			isa = PBXVariantGroup;
			children = (
				FCA2F1CF166C0502007DA190 /* en */,
			);
			name = InfoPlist.strings;
			sourceTree = "<group>";
		};
/* End PBXVariantGroup section */

/* Begin XCBuildConfiguration section */
		FCA2F1D4166C0502007DA190 /* Debug */ = {
			isa = XCBuildConfiguration;
			buildSettings = {
				ALWAYS_SEARCH_USER_PATHS = NO;
				CLANG_CXX_LANGUAGE_STANDARD = "gnu++0x";
				CLANG_CXX_LIBRARY = "libc++";
				CLANG_ENABLE_OBJC_ARC = YES;
				CLANG_WARN_EMPTY_BODY = YES;
				CLANG_WARN__DUPLICATE_METHOD_MATCH = YES;
				"CODE_SIGN_IDENTITY[sdk=iphoneos*]" = "iPhone Developer";
				COPY_PHASE_STRIP = NO;
				GCC_C_LANGUAGE_STANDARD = gnu99;
				GCC_DYNAMIC_NO_PIC = NO;
				GCC_OPTIMIZATION_LEVEL = 0;
				GCC_PREPROCESSOR_DEFINITIONS = (
					"DEBUG=1",
					"$(inherited)",
				);
				GCC_SYMBOLS_PRIVATE_EXTERN = NO;
				GCC_WARN_ABOUT_RETURN_TYPE = YES;
				GCC_WARN_UNINITIALIZED_AUTOS = YES;
				GCC_WARN_UNUSED_VARIABLE = YES;
				IPHONEOS_DEPLOYMENT_TARGET = 6.0;
				ONLY_ACTIVE_ARCH = YES;
				SDKROOT = iphoneos;
				TARGETED_DEVICE_FAMILY = "1,2";
			};
			name = Debug;
		};
		FCA2F1D5166C0502007DA190 /* Release */ = {
			isa = XCBuildConfiguration;
			buildSettings = {
				ALWAYS_SEARCH_USER_PATHS = NO;
				CLANG_CXX_LANGUAGE_STANDARD = "gnu++0x";
				CLANG_CXX_LIBRARY = "libc++";
				CLANG_ENABLE_OBJC_ARC = YES;
				CLANG_WARN_EMPTY_BODY = YES;
				CLANG_WARN__DUPLICATE_METHOD_MATCH = YES;
				"CODE_SIGN_IDENTITY[sdk=iphoneos*]" = "iPhone Developer";
				COPY_PHASE_STRIP = YES;
				GCC_C_LANGUAGE_STANDARD = gnu99;
				GCC_WARN_ABOUT_RETURN_TYPE = YES;
				GCC_WARN_UNINITIALIZED_AUTOS = YES;
				GCC_WARN_UNUSED_VARIABLE = YES;
				IPHONEOS_DEPLOYMENT_TARGET = 6.0;
				OTHER_CFLAGS = "-DNS_BLOCK_ASSERTIONS=1";
				SDKROOT = iphoneos;
				TARGETED_DEVICE_FAMILY = "1,2";
				VALIDATE_PRODUCT = YES;
			};
			name = Release;
		};
		FCA2F1D7166C0502007DA190 /* Debug */ = {
			isa = XCBuildConfiguration;
			buildSettings = {
				GCC_PRECOMPILE_PREFIX_HEADER = YES;
				GCC_PREFIX_HEADER = "JamSesh/JamSesh-Prefix.pch";
				INFOPLIST_FILE = "JamSesh/JamSesh-Info.plist";
				IPHONEOS_DEPLOYMENT_TARGET = 5.1;
				PRODUCT_NAME = "$(TARGET_NAME)";
				WRAPPER_EXTENSION = app;
			};
			name = Debug;
		};
		FCA2F1D8166C0502007DA190 /* Release */ = {
			isa = XCBuildConfiguration;
			buildSettings = {
				GCC_PRECOMPILE_PREFIX_HEADER = YES;
				GCC_PREFIX_HEADER = "JamSesh/JamSesh-Prefix.pch";
				INFOPLIST_FILE = "JamSesh/JamSesh-Info.plist";
				IPHONEOS_DEPLOYMENT_TARGET = 5.1;
				PRODUCT_NAME = "$(TARGET_NAME)";
				WRAPPER_EXTENSION = app;
			};
			name = Release;
		};
		FCA2F1DA166C0502007DA190 /* Debug */ = {
			isa = XCBuildConfiguration;
			buildSettings = {
				BUNDLE_LOADER = "$(BUILT_PRODUCTS_DIR)/JamSesh.app/JamSesh";
				FRAMEWORK_SEARCH_PATHS = (
					"\"$(SDKROOT)/Developer/Library/Frameworks\"",
					"\"$(DEVELOPER_LIBRARY_DIR)/Frameworks\"",
				);
				GCC_PRECOMPILE_PREFIX_HEADER = YES;
				GCC_PREFIX_HEADER = "JamSesh/JamSesh-Prefix.pch";
				INFOPLIST_FILE = "JamSeshTests/JamSeshTests-Info.plist";
				PRODUCT_NAME = "$(TARGET_NAME)";
				TEST_HOST = "$(BUNDLE_LOADER)";
				WRAPPER_EXTENSION = octest;
			};
			name = Debug;
		};
		FCA2F1DB166C0502007DA190 /* Release */ = {
			isa = XCBuildConfiguration;
			buildSettings = {
				BUNDLE_LOADER = "$(BUILT_PRODUCTS_DIR)/JamSesh.app/JamSesh";
				FRAMEWORK_SEARCH_PATHS = (
					"\"$(SDKROOT)/Developer/Library/Frameworks\"",
					"\"$(DEVELOPER_LIBRARY_DIR)/Frameworks\"",
				);
				GCC_PRECOMPILE_PREFIX_HEADER = YES;
				GCC_PREFIX_HEADER = "JamSesh/JamSesh-Prefix.pch";
				INFOPLIST_FILE = "JamSeshTests/JamSeshTests-Info.plist";
				PRODUCT_NAME = "$(TARGET_NAME)";
				TEST_HOST = "$(BUNDLE_LOADER)";
				WRAPPER_EXTENSION = octest;
			};
			name = Release;
		};
/* End XCBuildConfiguration section */

/* Begin XCConfigurationList section */
		FCA2F194166C0502007DA190 /* Build configuration list for PBXProject "JamSesh" */ = {
			isa = XCConfigurationList;
			buildConfigurations = (
				FCA2F1D4166C0502007DA190 /* Debug */,
				FCA2F1D5166C0502007DA190 /* Release */,
			);
			defaultConfigurationIsVisible = 0;
			defaultConfigurationName = Release;
		};
		FCA2F1D6166C0502007DA190 /* Build configuration list for PBXNativeTarget "JamSesh" */ = {
			isa = XCConfigurationList;
			buildConfigurations = (
				FCA2F1D7166C0502007DA190 /* Debug */,
				FCA2F1D8166C0502007DA190 /* Release */,
			);
			defaultConfigurationIsVisible = 0;
			defaultConfigurationName = Release;
		};
		FCA2F1D9166C0502007DA190 /* Build configuration list for PBXNativeTarget "JamSeshTests" */ = {
			isa = XCConfigurationList;
			buildConfigurations = (
				FCA2F1DA166C0502007DA190 /* Debug */,
				FCA2F1DB166C0502007DA190 /* Release */,
			);
			defaultConfigurationIsVisible = 0;
			defaultConfigurationName = Release;
		};
/* End XCConfigurationList section */
	};
	rootObject = FCA2F191166C0502007DA190 /* Project object */;
}
