// !$*UTF8*$!
{
	archiveVersion = 1;
	classes = {
	};
	objectVersion = 46;
	objects = {

/* Begin PBXBuildFile section */
		C8544914167DC29D00332212 /* RecordedTrackView.xib in Resources */ = {isa = PBXBuildFile; fileRef = C8544913167DC29D00332212 /* RecordedTrackView.xib */; };
		C8544917167DC3CF00332212 /* RecordedTrackView.m in Sources */ = {isa = PBXBuildFile; fileRef = C8544916167DC3CF00332212 /* RecordedTrackView.m */; };
		C8BDB564167D93F200E73D07 /* NewTrackView.m in Sources */ = {isa = PBXBuildFile; fileRef = C8BDB560167D93F200E73D07 /* NewTrackView.m */; };
		C8BDB565167D93F200E73D07 /* NewTrackView.m in Sources */ = {isa = PBXBuildFile; fileRef = C8BDB560167D93F200E73D07 /* NewTrackView.m */; };
		C8BDB566167D93F200E73D07 /* NewTrackView.xib in Resources */ = {isa = PBXBuildFile; fileRef = C8BDB561167D93F200E73D07 /* NewTrackView.xib */; };
		C8BDB567167D93F200E73D07 /* NewTrackView.xib in Resources */ = {isa = PBXBuildFile; fileRef = C8BDB561167D93F200E73D07 /* NewTrackView.xib */; };
		C8BDB568167D93F200E73D07 /* RecordViewController.m in Sources */ = {isa = PBXBuildFile; fileRef = C8BDB563167D93F200E73D07 /* RecordViewController.m */; };
		C8BDB569167D93F200E73D07 /* RecordViewController.m in Sources */ = {isa = PBXBuildFile; fileRef = C8BDB563167D93F200E73D07 /* RecordViewController.m */; };
		C8BDB56C167D963900E73D07 /* AVFoundation.framework in Frameworks */ = {isa = PBXBuildFile; fileRef = C8BDB56B167D963900E73D07 /* AVFoundation.framework */; };
		C8E99A9F167D9346008CB6C0 /* UIKit.framework in Frameworks */ = {isa = PBXBuildFile; fileRef = C8E99A9E167D9346008CB6C0 /* UIKit.framework */; };
		C8E99AA1167D9346008CB6C0 /* Foundation.framework in Frameworks */ = {isa = PBXBuildFile; fileRef = C8E99AA0167D9346008CB6C0 /* Foundation.framework */; };
		C8E99AA3167D9346008CB6C0 /* CoreGraphics.framework in Frameworks */ = {isa = PBXBuildFile; fileRef = C8E99AA2167D9346008CB6C0 /* CoreGraphics.framework */; };
		C8E99AA9167D9346008CB6C0 /* InfoPlist.strings in Resources */ = {isa = PBXBuildFile; fileRef = C8E99AA7167D9346008CB6C0 /* InfoPlist.strings */; };
		C8E99AAB167D9346008CB6C0 /* main.m in Sources */ = {isa = PBXBuildFile; fileRef = C8E99AAA167D9346008CB6C0 /* main.m */; };
		C8E99AAF167D9346008CB6C0 /* AppDelegate.m in Sources */ = {isa = PBXBuildFile; fileRef = C8E99AAE167D9346008CB6C0 /* AppDelegate.m */; };
		C8E99AB1167D9347008CB6C0 /* Default.png in Resources */ = {isa = PBXBuildFile; fileRef = C8E99AB0167D9346008CB6C0 /* Default.png */; };
		C8E99AB3167D9347008CB6C0 /* Default@2x.png in Resources */ = {isa = PBXBuildFile; fileRef = C8E99AB2167D9347008CB6C0 /* Default@2x.png */; };
		C8E99AB5167D9347008CB6C0 /* Default-568h@2x.png in Resources */ = {isa = PBXBuildFile; fileRef = C8E99AB4167D9347008CB6C0 /* Default-568h@2x.png */; };
		C8E99AB8167D9347008CB6C0 /* MainStoryboard_iPhone.storyboard in Resources */ = {isa = PBXBuildFile; fileRef = C8E99AB6167D9347008CB6C0 /* MainStoryboard_iPhone.storyboard */; };
		C8E99ABB167D9347008CB6C0 /* MainStoryboard_iPad.storyboard in Resources */ = {isa = PBXBuildFile; fileRef = C8E99AB9167D9347008CB6C0 /* MainStoryboard_iPad.storyboard */; };
		C8E99ABE167D9347008CB6C0 /* ViewController.m in Sources */ = {isa = PBXBuildFile; fileRef = C8E99ABD167D9347008CB6C0 /* ViewController.m */; };
		C8E99AC6167D9348008CB6C0 /* SenTestingKit.framework in Frameworks */ = {isa = PBXBuildFile; fileRef = C8E99AC5167D9348008CB6C0 /* SenTestingKit.framework */; };
		C8E99AC7167D9348008CB6C0 /* UIKit.framework in Frameworks */ = {isa = PBXBuildFile; fileRef = C8E99A9E167D9346008CB6C0 /* UIKit.framework */; };
		C8E99AC8167D9348008CB6C0 /* Foundation.framework in Frameworks */ = {isa = PBXBuildFile; fileRef = C8E99AA0167D9346008CB6C0 /* Foundation.framework */; };
		C8E99AD0167D9348008CB6C0 /* InfoPlist.strings in Resources */ = {isa = PBXBuildFile; fileRef = C8E99ACE167D9348008CB6C0 /* InfoPlist.strings */; };
		C8E99AD3167D9348008CB6C0 /* JamSeshTests.m in Sources */ = {isa = PBXBuildFile; fileRef = C8E99AD2167D9348008CB6C0 /* JamSeshTests.m */; };
/* End PBXBuildFile section */

/* Begin PBXContainerItemProxy section */
		C8E99AC9167D9348008CB6C0 /* PBXContainerItemProxy */ = {
			isa = PBXContainerItemProxy;
			containerPortal = C8E99A91167D9346008CB6C0 /* Project object */;
			proxyType = 1;
			remoteGlobalIDString = C8E99A99167D9346008CB6C0;
			remoteInfo = JamSesh;
		};
/* End PBXContainerItemProxy section */

/* Begin PBXFileReference section */
		C8544913167DC29D00332212 /* RecordedTrackView.xib */ = {isa = PBXFileReference; fileEncoding = 4; lastKnownFileType = file.xib; path = RecordedTrackView.xib; sourceTree = "<group>"; };
		C8544915167DC3CF00332212 /* RecordedTrackView.h */ = {isa = PBXFileReference; fileEncoding = 4; lastKnownFileType = sourcecode.c.h; path = RecordedTrackView.h; sourceTree = "<group>"; };
		C8544916167DC3CF00332212 /* RecordedTrackView.m */ = {isa = PBXFileReference; fileEncoding = 4; lastKnownFileType = sourcecode.c.objc; path = RecordedTrackView.m; sourceTree = "<group>"; };
		C8BDB55F167D93F200E73D07 /* NewTrackView.h */ = {isa = PBXFileReference; fileEncoding = 4; lastKnownFileType = sourcecode.c.h; path = NewTrackView.h; sourceTree = "<group>"; };
		C8BDB560167D93F200E73D07 /* NewTrackView.m */ = {isa = PBXFileReference; fileEncoding = 4; lastKnownFileType = sourcecode.c.objc; path = NewTrackView.m; sourceTree = "<group>"; };
		C8BDB561167D93F200E73D07 /* NewTrackView.xib */ = {isa = PBXFileReference; fileEncoding = 4; lastKnownFileType = file.xib; path = NewTrackView.xib; sourceTree = "<group>"; };
		C8BDB562167D93F200E73D07 /* RecordViewController.h */ = {isa = PBXFileReference; fileEncoding = 4; lastKnownFileType = sourcecode.c.h; path = RecordViewController.h; sourceTree = "<group>"; };
		C8BDB563167D93F200E73D07 /* RecordViewController.m */ = {isa = PBXFileReference; fileEncoding = 4; lastKnownFileType = sourcecode.c.objc; path = RecordViewController.m; sourceTree = "<group>"; };
		C8BDB56B167D963900E73D07 /* AVFoundation.framework */ = {isa = PBXFileReference; lastKnownFileType = wrapper.framework; name = AVFoundation.framework; path = System/Library/Frameworks/AVFoundation.framework; sourceTree = SDKROOT; };
		C8E99A9A167D9346008CB6C0 /* JamSesh.app */ = {isa = PBXFileReference; explicitFileType = wrapper.application; includeInIndex = 0; path = JamSesh.app; sourceTree = BUILT_PRODUCTS_DIR; };
		C8E99A9E167D9346008CB6C0 /* UIKit.framework */ = {isa = PBXFileReference; lastKnownFileType = wrapper.framework; name = UIKit.framework; path = System/Library/Frameworks/UIKit.framework; sourceTree = SDKROOT; };
		C8E99AA0167D9346008CB6C0 /* Foundation.framework */ = {isa = PBXFileReference; lastKnownFileType = wrapper.framework; name = Foundation.framework; path = System/Library/Frameworks/Foundation.framework; sourceTree = SDKROOT; };
		C8E99AA2167D9346008CB6C0 /* CoreGraphics.framework */ = {isa = PBXFileReference; lastKnownFileType = wrapper.framework; name = CoreGraphics.framework; path = System/Library/Frameworks/CoreGraphics.framework; sourceTree = SDKROOT; };
		C8E99AA6167D9346008CB6C0 /* JamSesh-Info.plist */ = {isa = PBXFileReference; lastKnownFileType = text.plist.xml; path = "JamSesh-Info.plist"; sourceTree = "<group>"; };
		C8E99AA8167D9346008CB6C0 /* en */ = {isa = PBXFileReference; lastKnownFileType = text.plist.strings; name = en; path = en.lproj/InfoPlist.strings; sourceTree = "<group>"; };
		C8E99AAA167D9346008CB6C0 /* main.m */ = {isa = PBXFileReference; lastKnownFileType = sourcecode.c.objc; path = main.m; sourceTree = "<group>"; };
		C8E99AAC167D9346008CB6C0 /* JamSesh-Prefix.pch */ = {isa = PBXFileReference; lastKnownFileType = sourcecode.c.h; path = "JamSesh-Prefix.pch"; sourceTree = "<group>"; };
		C8E99AAD167D9346008CB6C0 /* AppDelegate.h */ = {isa = PBXFileReference; lastKnownFileType = sourcecode.c.h; path = AppDelegate.h; sourceTree = "<group>"; };
		C8E99AAE167D9346008CB6C0 /* AppDelegate.m */ = {isa = PBXFileReference; lastKnownFileType = sourcecode.c.objc; path = AppDelegate.m; sourceTree = "<group>"; };
		C8E99AB0167D9346008CB6C0 /* Default.png */ = {isa = PBXFileReference; lastKnownFileType = image.png; path = Default.png; sourceTree = "<group>"; };
		C8E99AB2167D9347008CB6C0 /* Default@2x.png */ = {isa = PBXFileReference; lastKnownFileType = image.png; path = "Default@2x.png"; sourceTree = "<group>"; };
		C8E99AB4167D9347008CB6C0 /* Default-568h@2x.png */ = {isa = PBXFileReference; lastKnownFileType = image.png; path = "Default-568h@2x.png"; sourceTree = "<group>"; };
		C8E99AB7167D9347008CB6C0 /* en */ = {isa = PBXFileReference; lastKnownFileType = file.storyboard; name = en; path = en.lproj/MainStoryboard_iPhone.storyboard; sourceTree = "<group>"; };
		C8E99ABA167D9347008CB6C0 /* en */ = {isa = PBXFileReference; lastKnownFileType = file.storyboard; name = en; path = en.lproj/MainStoryboard_iPad.storyboard; sourceTree = "<group>"; };
		C8E99ABC167D9347008CB6C0 /* ViewController.h */ = {isa = PBXFileReference; lastKnownFileType = sourcecode.c.h; path = ViewController.h; sourceTree = "<group>"; };
		C8E99ABD167D9347008CB6C0 /* ViewController.m */ = {isa = PBXFileReference; lastKnownFileType = sourcecode.c.objc; path = ViewController.m; sourceTree = "<group>"; };
		C8E99AC4167D9348008CB6C0 /* JamSeshTests.octest */ = {isa = PBXFileReference; explicitFileType = wrapper.cfbundle; includeInIndex = 0; path = JamSeshTests.octest; sourceTree = BUILT_PRODUCTS_DIR; };
		C8E99AC5167D9348008CB6C0 /* SenTestingKit.framework */ = {isa = PBXFileReference; lastKnownFileType = wrapper.framework; name = SenTestingKit.framework; path = Library/Frameworks/SenTestingKit.framework; sourceTree = DEVELOPER_DIR; };
		C8E99ACD167D9348008CB6C0 /* JamSeshTests-Info.plist */ = {isa = PBXFileReference; lastKnownFileType = text.plist.xml; path = "JamSeshTests-Info.plist"; sourceTree = "<group>"; };
		C8E99ACF167D9348008CB6C0 /* en */ = {isa = PBXFileReference; lastKnownFileType = text.plist.strings; name = en; path = en.lproj/InfoPlist.strings; sourceTree = "<group>"; };
		C8E99AD1167D9348008CB6C0 /* JamSeshTests.h */ = {isa = PBXFileReference; lastKnownFileType = sourcecode.c.h; path = JamSeshTests.h; sourceTree = "<group>"; };
		C8E99AD2167D9348008CB6C0 /* JamSeshTests.m */ = {isa = PBXFileReference; lastKnownFileType = sourcecode.c.objc; path = JamSeshTests.m; sourceTree = "<group>"; };
/* End PBXFileReference section */

/* Begin PBXFrameworksBuildPhase section */
		C8E99A97167D9346008CB6C0 /* Frameworks */ = {
			isa = PBXFrameworksBuildPhase;
			buildActionMask = 2147483647;
			files = (
				C8BDB56C167D963900E73D07 /* AVFoundation.framework in Frameworks */,
				C8E99A9F167D9346008CB6C0 /* UIKit.framework in Frameworks */,
				C8E99AA1167D9346008CB6C0 /* Foundation.framework in Frameworks */,
				C8E99AA3167D9346008CB6C0 /* CoreGraphics.framework in Frameworks */,
			);
			runOnlyForDeploymentPostprocessing = 0;
		};
		C8E99AC0167D9348008CB6C0 /* Frameworks */ = {
			isa = PBXFrameworksBuildPhase;
			buildActionMask = 2147483647;
			files = (
				C8E99AC6167D9348008CB6C0 /* SenTestingKit.framework in Frameworks */,
				C8E99AC7167D9348008CB6C0 /* UIKit.framework in Frameworks */,
				C8E99AC8167D9348008CB6C0 /* Foundation.framework in Frameworks */,
			);
			runOnlyForDeploymentPostprocessing = 0;
		};
/* End PBXFrameworksBuildPhase section */

/* Begin PBXGroup section */
		C8BDB56D167D96FA00E73D07 /* UI */ = {
			isa = PBXGroup;
			children = (
				C8E99AB6167D9347008CB6C0 /* MainStoryboard_iPhone.storyboard */,
				C8E99AB9167D9347008CB6C0 /* MainStoryboard_iPad.storyboard */,
				C8BDB561167D93F200E73D07 /* NewTrackView.xib */,
				C8544913167DC29D00332212 /* RecordedTrackView.xib */,
			);
			name = UI;
			sourceTree = "<group>";
		};
		C8E99A8F167D9346008CB6C0 = {
			isa = PBXGroup;
			children = (
				C8BDB56B167D963900E73D07 /* AVFoundation.framework */,
				C8E99AA4167D9346008CB6C0 /* JamSesh */,
				C8E99ACB167D9348008CB6C0 /* JamSeshTests */,
				C8E99A9D167D9346008CB6C0 /* Frameworks */,
				C8E99A9B167D9346008CB6C0 /* Products */,
			);
			sourceTree = "<group>";
		};
		C8E99A9B167D9346008CB6C0 /* Products */ = {
			isa = PBXGroup;
			children = (
				C8E99A9A167D9346008CB6C0 /* JamSesh.app */,
				C8E99AC4167D9348008CB6C0 /* JamSeshTests.octest */,
			);
			name = Products;
			sourceTree = "<group>";
		};
		C8E99A9D167D9346008CB6C0 /* Frameworks */ = {
			isa = PBXGroup;
			children = (
				C8E99A9E167D9346008CB6C0 /* UIKit.framework */,
				C8E99AA0167D9346008CB6C0 /* Foundation.framework */,
				C8E99AA2167D9346008CB6C0 /* CoreGraphics.framework */,
				C8E99AC5167D9348008CB6C0 /* SenTestingKit.framework */,
			);
			name = Frameworks;
			sourceTree = "<group>";
		};
		C8E99AA4167D9346008CB6C0 /* JamSesh */ = {
			isa = PBXGroup;
			children = (
				C8BDB56D167D96FA00E73D07 /* UI */,
				C8BDB55F167D93F200E73D07 /* NewTrackView.h */,
				C8BDB560167D93F200E73D07 /* NewTrackView.m */,
				C8BDB562167D93F200E73D07 /* RecordViewController.h */,
				C8BDB563167D93F200E73D07 /* RecordViewController.m */,
				C8E99AAD167D9346008CB6C0 /* AppDelegate.h */,
				C8E99AAE167D9346008CB6C0 /* AppDelegate.m */,
				C8E99ABC167D9347008CB6C0 /* ViewController.h */,
				C8E99ABD167D9347008CB6C0 /* ViewController.m */,
				C8E99AA5167D9346008CB6C0 /* Supporting Files */,
				C8544915167DC3CF00332212 /* RecordedTrackView.h */,
				C8544916167DC3CF00332212 /* RecordedTrackView.m */,
			);
			path = JamSesh;
			sourceTree = "<group>";
		};
		C8E99AA5167D9346008CB6C0 /* Supporting Files */ = {
			isa = PBXGroup;
			children = (
				C8E99AA6167D9346008CB6C0 /* JamSesh-Info.plist */,
				C8E99AA7167D9346008CB6C0 /* InfoPlist.strings */,
				C8E99AAA167D9346008CB6C0 /* main.m */,
				C8E99AAC167D9346008CB6C0 /* JamSesh-Prefix.pch */,
				C8E99AB0167D9346008CB6C0 /* Default.png */,
				C8E99AB2167D9347008CB6C0 /* Default@2x.png */,
				C8E99AB4167D9347008CB6C0 /* Default-568h@2x.png */,
			);
			name = "Supporting Files";
			sourceTree = "<group>";
		};
		C8E99ACB167D9348008CB6C0 /* JamSeshTests */ = {
			isa = PBXGroup;
			children = (
				C8E99AD1167D9348008CB6C0 /* JamSeshTests.h */,
				C8E99AD2167D9348008CB6C0 /* JamSeshTests.m */,
				C8E99ACC167D9348008CB6C0 /* Supporting Files */,
			);
			path = JamSeshTests;
			sourceTree = "<group>";
		};
		C8E99ACC167D9348008CB6C0 /* Supporting Files */ = {
			isa = PBXGroup;
			children = (
				C8E99ACD167D9348008CB6C0 /* JamSeshTests-Info.plist */,
				C8E99ACE167D9348008CB6C0 /* InfoPlist.strings */,
			);
			name = "Supporting Files";
			sourceTree = "<group>";
		};
/* End PBXGroup section */

/* Begin PBXNativeTarget section */
		C8E99A99167D9346008CB6C0 /* JamSesh */ = {
			isa = PBXNativeTarget;
			buildConfigurationList = C8E99AD6167D9348008CB6C0 /* Build configuration list for PBXNativeTarget "JamSesh" */;
			buildPhases = (
				C8E99A96167D9346008CB6C0 /* Sources */,
				C8E99A97167D9346008CB6C0 /* Frameworks */,
				C8E99A98167D9346008CB6C0 /* Resources */,
			);
			buildRules = (
			);
			dependencies = (
			);
			name = JamSesh;
			productName = JamSesh;
			productReference = C8E99A9A167D9346008CB6C0 /* JamSesh.app */;
			productType = "com.apple.product-type.application";
		};
		C8E99AC3167D9348008CB6C0 /* JamSeshTests */ = {
			isa = PBXNativeTarget;
			buildConfigurationList = C8E99AD9167D9348008CB6C0 /* Build configuration list for PBXNativeTarget "JamSeshTests" */;
			buildPhases = (
				C8E99ABF167D9348008CB6C0 /* Sources */,
				C8E99AC0167D9348008CB6C0 /* Frameworks */,
				C8E99AC1167D9348008CB6C0 /* Resources */,
				C8E99AC2167D9348008CB6C0 /* ShellScript */,
			);
			buildRules = (
			);
			dependencies = (
				C8E99ACA167D9348008CB6C0 /* PBXTargetDependency */,
			);
			name = JamSeshTests;
			productName = JamSeshTests;
			productReference = C8E99AC4167D9348008CB6C0 /* JamSeshTests.octest */;
			productType = "com.apple.product-type.bundle";
		};
/* End PBXNativeTarget section */

/* Begin PBXProject section */
		C8E99A91167D9346008CB6C0 /* Project object */ = {
			isa = PBXProject;
			attributes = {
				LastUpgradeCheck = 0450;
				ORGANIZATIONNAME = "Jonathan Gaull";
			};
			buildConfigurationList = C8E99A94167D9346008CB6C0 /* Build configuration list for PBXProject "JamSesh" */;
			compatibilityVersion = "Xcode 3.2";
			developmentRegion = English;
			hasScannedForEncodings = 0;
			knownRegions = (
				en,
			);
			mainGroup = C8E99A8F167D9346008CB6C0;
			productRefGroup = C8E99A9B167D9346008CB6C0 /* Products */;
			projectDirPath = "";
			projectRoot = "";
			targets = (
				C8E99A99167D9346008CB6C0 /* JamSesh */,
				C8E99AC3167D9348008CB6C0 /* JamSeshTests */,
			);
		};
/* End PBXProject section */

/* Begin PBXResourcesBuildPhase section */
		C8E99A98167D9346008CB6C0 /* Resources */ = {
			isa = PBXResourcesBuildPhase;
			buildActionMask = 2147483647;
			files = (
				C8E99AA9167D9346008CB6C0 /* InfoPlist.strings in Resources */,
				C8E99AB1167D9347008CB6C0 /* Default.png in Resources */,
				C8E99AB3167D9347008CB6C0 /* Default@2x.png in Resources */,
				C8E99AB5167D9347008CB6C0 /* Default-568h@2x.png in Resources */,
				C8E99AB8167D9347008CB6C0 /* MainStoryboard_iPhone.storyboard in Resources */,
				C8E99ABB167D9347008CB6C0 /* MainStoryboard_iPad.storyboard in Resources */,
				C8BDB566167D93F200E73D07 /* NewTrackView.xib in Resources */,
				C8544914167DC29D00332212 /* RecordedTrackView.xib in Resources */,
			);
			runOnlyForDeploymentPostprocessing = 0;
		};
		C8E99AC1167D9348008CB6C0 /* Resources */ = {
			isa = PBXResourcesBuildPhase;
			buildActionMask = 2147483647;
			files = (
				C8E99AD0167D9348008CB6C0 /* InfoPlist.strings in Resources */,
				C8BDB567167D93F200E73D07 /* NewTrackView.xib in Resources */,
			);
			runOnlyForDeploymentPostprocessing = 0;
		};
/* End PBXResourcesBuildPhase section */

/* Begin PBXShellScriptBuildPhase section */
		C8E99AC2167D9348008CB6C0 /* ShellScript */ = {
			isa = PBXShellScriptBuildPhase;
			buildActionMask = 2147483647;
			files = (
			);
			inputPaths = (
			);
			outputPaths = (
			);
			runOnlyForDeploymentPostprocessing = 0;
			shellPath = /bin/sh;
			shellScript = "# Run the unit tests in this test bundle.\n\"${SYSTEM_DEVELOPER_DIR}/Tools/RunUnitTests\"\n";
		};
/* End PBXShellScriptBuildPhase section */

/* Begin PBXSourcesBuildPhase section */
		C8E99A96167D9346008CB6C0 /* Sources */ = {
			isa = PBXSourcesBuildPhase;
			buildActionMask = 2147483647;
			files = (
				C8E99AAB167D9346008CB6C0 /* main.m in Sources */,
				C8E99AAF167D9346008CB6C0 /* AppDelegate.m in Sources */,
				C8E99ABE167D9347008CB6C0 /* ViewController.m in Sources */,
				C8BDB564167D93F200E73D07 /* NewTrackView.m in Sources */,
				C8BDB568167D93F200E73D07 /* RecordViewController.m in Sources */,
				C8544917167DC3CF00332212 /* RecordedTrackView.m in Sources */,
			);
			runOnlyForDeploymentPostprocessing = 0;
		};
		C8E99ABF167D9348008CB6C0 /* Sources */ = {
			isa = PBXSourcesBuildPhase;
			buildActionMask = 2147483647;
			files = (
				C8E99AD3167D9348008CB6C0 /* JamSeshTests.m in Sources */,
				C8BDB565167D93F200E73D07 /* NewTrackView.m in Sources */,
				C8BDB569167D93F200E73D07 /* RecordViewController.m in Sources */,
			);
			runOnlyForDeploymentPostprocessing = 0;
		};
/* End PBXSourcesBuildPhase section */

/* Begin PBXTargetDependency section */
		C8E99ACA167D9348008CB6C0 /* PBXTargetDependency */ = {
			isa = PBXTargetDependency;
			target = C8E99A99167D9346008CB6C0 /* JamSesh */;
			targetProxy = C8E99AC9167D9348008CB6C0 /* PBXContainerItemProxy */;
		};
/* End PBXTargetDependency section */

/* Begin PBXVariantGroup section */
		C8E99AA7167D9346008CB6C0 /* InfoPlist.strings */ = {
			isa = PBXVariantGroup;
			children = (
				C8E99AA8167D9346008CB6C0 /* en */,
			);
			name = InfoPlist.strings;
			sourceTree = "<group>";
		};
		C8E99AB6167D9347008CB6C0 /* MainStoryboard_iPhone.storyboard */ = {
			isa = PBXVariantGroup;
			children = (
				C8E99AB7167D9347008CB6C0 /* en */,
			);
			name = MainStoryboard_iPhone.storyboard;
			sourceTree = "<group>";
		};
		C8E99AB9167D9347008CB6C0 /* MainStoryboard_iPad.storyboard */ = {
			isa = PBXVariantGroup;
			children = (
				C8E99ABA167D9347008CB6C0 /* en */,
			);
			name = MainStoryboard_iPad.storyboard;
			sourceTree = "<group>";
		};
		C8E99ACE167D9348008CB6C0 /* InfoPlist.strings */ = {
			isa = PBXVariantGroup;
			children = (
				C8E99ACF167D9348008CB6C0 /* en */,
			);
			name = InfoPlist.strings;
			sourceTree = "<group>";
		};
/* End PBXVariantGroup section */

/* Begin XCBuildConfiguration section */
		C8E99AD4167D9348008CB6C0 /* Debug */ = {
			isa = XCBuildConfiguration;
			buildSettings = {
				ALWAYS_SEARCH_USER_PATHS = NO;
				CLANG_CXX_LANGUAGE_STANDARD = "gnu++0x";
				CLANG_CXX_LIBRARY = "libc++";
				CLANG_ENABLE_OBJC_ARC = YES;
				CLANG_WARN_EMPTY_BODY = YES;
				CLANG_WARN__DUPLICATE_METHOD_MATCH = YES;
				"CODE_SIGN_IDENTITY[sdk=iphoneos*]" = "iPhone Developer";
				COPY_PHASE_STRIP = NO;
				GCC_C_LANGUAGE_STANDARD = gnu99;
				GCC_DYNAMIC_NO_PIC = NO;
				GCC_OPTIMIZATION_LEVEL = 0;
				GCC_PREPROCESSOR_DEFINITIONS = (
					"DEBUG=1",
					"$(inherited)",
				);
				GCC_SYMBOLS_PRIVATE_EXTERN = NO;
				GCC_WARN_ABOUT_RETURN_TYPE = YES;
				GCC_WARN_UNINITIALIZED_AUTOS = YES;
				GCC_WARN_UNUSED_VARIABLE = YES;
				IPHONEOS_DEPLOYMENT_TARGET = 6.0;
				ONLY_ACTIVE_ARCH = YES;
				SDKROOT = iphoneos;
				TARGETED_DEVICE_FAMILY = "1,2";
			};
			name = Debug;
		};
		C8E99AD5167D9348008CB6C0 /* Release */ = {
			isa = XCBuildConfiguration;
			buildSettings = {
				ALWAYS_SEARCH_USER_PATHS = NO;
				CLANG_CXX_LANGUAGE_STANDARD = "gnu++0x";
				CLANG_CXX_LIBRARY = "libc++";
				CLANG_ENABLE_OBJC_ARC = YES;
				CLANG_WARN_EMPTY_BODY = YES;
				CLANG_WARN__DUPLICATE_METHOD_MATCH = YES;
				"CODE_SIGN_IDENTITY[sdk=iphoneos*]" = "iPhone Developer";
				COPY_PHASE_STRIP = YES;
				GCC_C_LANGUAGE_STANDARD = gnu99;
				GCC_WARN_ABOUT_RETURN_TYPE = YES;
				GCC_WARN_UNINITIALIZED_AUTOS = YES;
				GCC_WARN_UNUSED_VARIABLE = YES;
				IPHONEOS_DEPLOYMENT_TARGET = 6.0;
				OTHER_CFLAGS = "-DNS_BLOCK_ASSERTIONS=1";
				SDKROOT = iphoneos;
				TARGETED_DEVICE_FAMILY = "1,2";
				VALIDATE_PRODUCT = YES;
			};
			name = Release;
		};
		C8E99AD7167D9348008CB6C0 /* Debug */ = {
			isa = XCBuildConfiguration;
			buildSettings = {
				GCC_PRECOMPILE_PREFIX_HEADER = YES;
				GCC_PREFIX_HEADER = "JamSesh/JamSesh-Prefix.pch";
				INFOPLIST_FILE = "JamSesh/JamSesh-Info.plist";
				PRODUCT_NAME = "$(TARGET_NAME)";
				WRAPPER_EXTENSION = app;
			};
			name = Debug;
		};
		C8E99AD8167D9348008CB6C0 /* Release */ = {
			isa = XCBuildConfiguration;
			buildSettings = {
				GCC_PRECOMPILE_PREFIX_HEADER = YES;
				GCC_PREFIX_HEADER = "JamSesh/JamSesh-Prefix.pch";
				INFOPLIST_FILE = "JamSesh/JamSesh-Info.plist";
				PRODUCT_NAME = "$(TARGET_NAME)";
				WRAPPER_EXTENSION = app;
			};
			name = Release;
		};
		C8E99ADA167D9348008CB6C0 /* Debug */ = {
			isa = XCBuildConfiguration;
			buildSettings = {
				BUNDLE_LOADER = "$(BUILT_PRODUCTS_DIR)/JamSesh.app/JamSesh";
				FRAMEWORK_SEARCH_PATHS = (
					"\"$(SDKROOT)/Developer/Library/Frameworks\"",
					"\"$(DEVELOPER_LIBRARY_DIR)/Frameworks\"",
				);
				GCC_PRECOMPILE_PREFIX_HEADER = YES;
				GCC_PREFIX_HEADER = "JamSesh/JamSesh-Prefix.pch";
				INFOPLIST_FILE = "JamSeshTests/JamSeshTests-Info.plist";
				PRODUCT_NAME = "$(TARGET_NAME)";
				TEST_HOST = "$(BUNDLE_LOADER)";
				WRAPPER_EXTENSION = octest;
			};
			name = Debug;
		};
		C8E99ADB167D9348008CB6C0 /* Release */ = {
			isa = XCBuildConfiguration;
			buildSettings = {
				BUNDLE_LOADER = "$(BUILT_PRODUCTS_DIR)/JamSesh.app/JamSesh";
				FRAMEWORK_SEARCH_PATHS = (
					"\"$(SDKROOT)/Developer/Library/Frameworks\"",
					"\"$(DEVELOPER_LIBRARY_DIR)/Frameworks\"",
				);
				GCC_PRECOMPILE_PREFIX_HEADER = YES;
				GCC_PREFIX_HEADER = "JamSesh/JamSesh-Prefix.pch";
				INFOPLIST_FILE = "JamSeshTests/JamSeshTests-Info.plist";
				PRODUCT_NAME = "$(TARGET_NAME)";
				TEST_HOST = "$(BUNDLE_LOADER)";
				WRAPPER_EXTENSION = octest;
			};
			name = Release;
		};
/* End XCBuildConfiguration section */

/* Begin XCConfigurationList section */
		C8E99A94167D9346008CB6C0 /* Build configuration list for PBXProject "JamSesh" */ = {
			isa = XCConfigurationList;
			buildConfigurations = (
				C8E99AD4167D9348008CB6C0 /* Debug */,
				C8E99AD5167D9348008CB6C0 /* Release */,
			);
			defaultConfigurationIsVisible = 0;
			defaultConfigurationName = Release;
		};
		C8E99AD6167D9348008CB6C0 /* Build configuration list for PBXNativeTarget "JamSesh" */ = {
			isa = XCConfigurationList;
			buildConfigurations = (
				C8E99AD7167D9348008CB6C0 /* Debug */,
				C8E99AD8167D9348008CB6C0 /* Release */,
			);
			defaultConfigurationIsVisible = 0;
			defaultConfigurationName = Release;
		};
		C8E99AD9167D9348008CB6C0 /* Build configuration list for PBXNativeTarget "JamSeshTests" */ = {
			isa = XCConfigurationList;
			buildConfigurations = (
				C8E99ADA167D9348008CB6C0 /* Debug */,
				C8E99ADB167D9348008CB6C0 /* Release */,
			);
			defaultConfigurationIsVisible = 0;
			defaultConfigurationName = Release;
		};
/* End XCConfigurationList section */
	};
	rootObject = C8E99A91167D9346008CB6C0 /* Project object */;
}
